{
  "object": {
    "pins": [
      {
        "package": "GottaGoFast",
        "repositoryURL": "https://github.com/broadwaylamb/GottaGoFast.git",
        "state": {
          "branch": "master",
          "revision": "cf4e3b315c5fd088aafc886449c24c5ad1ff04a3",
          "version": null
        }
      },
      {
        "package": "Yams",
        "repositoryURL": "https://github.com/jpsim/Yams.git",
        "state": {
          "branch": null,
          "revision": "c947a306d2e80ecb2c0859047b35c73b8e1ca27f",
          "version": "2.0.0"
        }
      }
    ]
  },
  "version": 1
}
