{
  "object": {
    "pins": [
      {
        "package": "GottaGoFast",
        "repositoryURL": "https://github.com/broadwaylamb/GottaGoFast.git",
        "state": {
          "branch": "master",
          "revision": "43a217d696b4a80abf2f0b89b801f87f28014873",
          "version": null
        }
      },
      {
        "package": "Yams",
        "repositoryURL": "https://github.com/jpsim/Yams.git",
        "state": {
          "branch": null,
          "revision": "c947a306d2e80ecb2c0859047b35c73b8e1ca27f",
          "version": "2.0.0"
        }
      }
    ]
  },
  "version": 1
}
