// !$*UTF8*$!
{
   archiveVersion = "1";
   objectVersion = "46";
   objects = {
      "OBJ_1" = {
         isa = "PBXProject";
         attributes = {
            LastSwiftMigration = "9999";
            LastUpgradeCheck = "9999";
         };
         buildConfigurationList = "OBJ_2";
         compatibilityVersion = "Xcode 3.2";
         developmentRegion = "en";
         hasScannedForEncodings = "0";
         knownRegions = (
            "en"
         );
         mainGroup = "OBJ_5";
         productRefGroup = "OBJ_226";
         projectDirPath = ".";
         targets = (
            "OpenCombine::COpenCombineHelpers",
            "OpenCombine::OpenCombine",
            "OpenCombine::OpenCombineDispatch",
            "OpenCombine::OpenCombineFoundation",
            "OpenCombine::SwiftPMPackageDescription",
            "OpenCombine::OpenCombinePackageTests::ProductTarget",
            "OpenCombine::OpenCombineTests"
         );
      };
      "OBJ_10" = {
         isa = "PBXGroup";
         children = (
            "OBJ_11"
         );
         name = "include";
         path = "include";
         sourceTree = "<group>";
      };
      "OBJ_100" = {
         isa = "PBXFileReference";
         path = "Subscribers.Completion.swift";
         sourceTree = "<group>";
      };
      "OBJ_101" = {
         isa = "PBXFileReference";
         path = "Subscribers.Demand.swift";
         sourceTree = "<group>";
      };
      "OBJ_102" = {
         isa = "PBXFileReference";
         path = "Subscribers.Sink.swift";
         sourceTree = "<group>";
      };
      "OBJ_103" = {
         isa = "PBXFileReference";
         path = "Subscribers.swift";
         sourceTree = "<group>";
      };
      "OBJ_104" = {
         isa = "PBXFileReference";
         path = "Subscription.swift";
         sourceTree = "<group>";
      };
      "OBJ_105" = {
         isa = "PBXFileReference";
         path = "Subscriptions.swift";
         sourceTree = "<group>";
      };
      "OBJ_106" = {
         isa = "PBXGroup";
         children = (
            "OBJ_107"
         );
         name = "OpenCombineDispatch";
         path = "Sources/OpenCombineDispatch";
         sourceTree = "SOURCE_ROOT";
      };
      "OBJ_107" = {
         isa = "PBXFileReference";
         path = "DispatchQueue+Scheduler.swift";
         sourceTree = "<group>";
      };
      "OBJ_108" = {
         isa = "PBXGroup";
         children = (
            "OBJ_109",
            "OBJ_112",
            "OBJ_113",
            "OBJ_114",
            "OBJ_115",
            "OBJ_116",
            "OBJ_117",
            "OBJ_118"
         );
         name = "OpenCombineFoundation";
         path = "Sources/OpenCombineFoundation";
         sourceTree = "SOURCE_ROOT";
      };
      "OBJ_109" = {
         isa = "PBXGroup";
         children = (
            "OBJ_110",
            "OBJ_111"
         );
         name = "Helpers";
         path = "Helpers";
         sourceTree = "<group>";
      };
      "OBJ_11" = {
         isa = "PBXFileReference";
         path = "COpenCombineHelpers.h";
         sourceTree = "<group>";
      };
      "OBJ_110" = {
         isa = "PBXFileReference";
         path = "Locking.swift";
         sourceTree = "<group>";
      };
      "OBJ_111" = {
         isa = "PBXFileReference";
         path = "Violations.swift";
         sourceTree = "<group>";
      };
      "OBJ_112" = {
         isa = "PBXFileReference";
         path = "JSONEncoder.swift";
         sourceTree = "<group>";
      };
      "OBJ_113" = {
         isa = "PBXFileReference";
         path = "NotificationCenter.swift";
         sourceTree = "<group>";
      };
      "OBJ_114" = {
         isa = "PBXFileReference";
         path = "OperationQueue+Scheduler.swift";
         sourceTree = "<group>";
      };
      "OBJ_115" = {
         isa = "PBXFileReference";
         path = "PropertyListEncoder.swift";
         sourceTree = "<group>";
      };
      "OBJ_116" = {
         isa = "PBXFileReference";
         path = "RunLoop+Scheduler.swift";
         sourceTree = "<group>";
      };
      "OBJ_117" = {
         isa = "PBXFileReference";
         path = "Timer+Publisher.swift";
         sourceTree = "<group>";
      };
      "OBJ_118" = {
         isa = "PBXFileReference";
         path = "URLSession.swift";
         sourceTree = "<group>";
      };
      "OBJ_119" = {
         isa = "PBXGroup";
         children = (
            "OBJ_120"
         );
         name = "Tests";
         path = "";
         sourceTree = "SOURCE_ROOT";
      };
      "OBJ_12" = {
         isa = "PBXGroup";
         children = (
            "OBJ_13",
            "OBJ_14",
            "OBJ_15",
            "OBJ_16",
            "OBJ_17",
            "OBJ_18",
            "OBJ_19",
            "OBJ_20",
            "OBJ_21",
            "OBJ_22",
            "OBJ_23",
            "OBJ_33",
            "OBJ_34",
            "OBJ_35",
            "OBJ_36",
            "OBJ_37",
            "OBJ_38",
            "OBJ_94",
            "OBJ_95",
            "OBJ_96",
            "OBJ_97",
            "OBJ_98",
            "OBJ_104",
            "OBJ_105"
         );
         name = "OpenCombine";
         path = "Sources/OpenCombine";
         sourceTree = "SOURCE_ROOT";
      };
      "OBJ_120" = {
         isa = "PBXGroup";
         children = (
            "OBJ_121",
            "OBJ_122",
            "OBJ_123",
            "OBJ_124",
            "OBJ_125",
            "OBJ_126",
            "OBJ_128",
            "OBJ_138",
            "OBJ_157",
            "OBJ_158",
            "OBJ_159",
            "OBJ_160",
            "OBJ_161",
            "OBJ_162",
            "OBJ_218",
            "OBJ_223",
            "OBJ_225"
         );
         name = "OpenCombineTests";
         path = "Tests/OpenCombineTests";
         sourceTree = "SOURCE_ROOT";
      };
      "OBJ_121" = {
         isa = "PBXFileReference";
         path = "AnyCancellableTests.swift";
         sourceTree = "<group>";
      };
      "OBJ_122" = {
         isa = "PBXFileReference";
         path = "AnyPublisherTests.swift";
         sourceTree = "<group>";
      };
      "OBJ_123" = {
         isa = "PBXFileReference";
         path = "AnySubscriberTests.swift";
         sourceTree = "<group>";
      };
      "OBJ_124" = {
         isa = "PBXFileReference";
         path = "CombineIdentifierTests.swift";
         sourceTree = "<group>";
      };
      "OBJ_125" = {
         isa = "PBXFileReference";
         path = "CurrentValueSubjectTests.swift";
         sourceTree = "<group>";
      };
      "OBJ_126" = {
         isa = "PBXGroup";
         children = (
            "OBJ_127"
         );
         name = "DispatchTests";
         path = "DispatchTests";
         sourceTree = "<group>";
      };
      "OBJ_127" = {
         isa = "PBXFileReference";
         path = "DispatchQueueSchedulerTests.swift";
         sourceTree = "<group>";
      };
      "OBJ_128" = {
         isa = "PBXGroup";
         children = (
            "OBJ_129",
            "OBJ_130",
            "OBJ_131",
            "OBJ_132",
            "OBJ_133",
            "OBJ_134",
            "OBJ_135",
            "OBJ_136",
            "OBJ_137"
         );
         name = "FoundationTests";
         path = "FoundationTests";
         sourceTree = "<group>";
      };
      "OBJ_129" = {
         isa = "PBXFileReference";
         path = "JSONDecoderTests.swift";
         sourceTree = "<group>";
      };
      "OBJ_13" = {
         isa = "PBXFileReference";
         path = "AnyCancellable.swift";
         sourceTree = "<group>";
      };
      "OBJ_130" = {
         isa = "PBXFileReference";
         path = "JSONEncoderTests.swift";
         sourceTree = "<group>";
      };
      "OBJ_131" = {
         isa = "PBXFileReference";
         path = "NotificationCenterTests.swift";
         sourceTree = "<group>";
      };
      "OBJ_132" = {
         isa = "PBXFileReference";
         path = "OperationQueueSchedulerTests.swift";
         sourceTree = "<group>";
      };
      "OBJ_133" = {
         isa = "PBXFileReference";
         path = "PropertyListDecoderTests.swift";
         sourceTree = "<group>";
      };
      "OBJ_134" = {
         isa = "PBXFileReference";
         path = "PropertyListEncoderTests.swift";
         sourceTree = "<group>";
      };
      "OBJ_135" = {
         isa = "PBXFileReference";
         path = "RunLoopSchedulerTests.swift";
         sourceTree = "<group>";
      };
      "OBJ_136" = {
         isa = "PBXFileReference";
         path = "TimerPublisherTests.swift";
         sourceTree = "<group>";
      };
      "OBJ_137" = {
         isa = "PBXFileReference";
         path = "URLSessionTests.swift";
         sourceTree = "<group>";
      };
      "OBJ_138" = {
         isa = "PBXGroup";
         children = (
            "OBJ_139",
            "OBJ_140",
            "OBJ_141",
            "OBJ_142",
            "OBJ_143",
            "OBJ_144",
            "OBJ_145",
            "OBJ_146",
            "OBJ_147",
            "OBJ_148",
            "OBJ_149",
            "OBJ_150",
            "OBJ_151",
            "OBJ_152",
            "OBJ_153",
            "OBJ_154",
            "OBJ_155",
            "OBJ_156"
         );
         name = "Helpers";
         path = "Helpers";
         sourceTree = "<group>";
      };
      "OBJ_139" = {
         isa = "PBXFileReference";
         path = "AssertCrashes.swift";
         sourceTree = "<group>";
      };
      "OBJ_14" = {
         isa = "PBXFileReference";
         path = "AnyPublisher.swift";
         sourceTree = "<group>";
      };
      "OBJ_140" = {
         isa = "PBXFileReference";
         path = "CleaningUpSubscriber.swift";
         sourceTree = "<group>";
      };
      "OBJ_141" = {
         isa = "PBXFileReference";
         path = "CommonTests.swift";
         sourceTree = "<group>";
      };
      "OBJ_142" = {
         isa = "PBXFileReference";
         path = "CustomPublisher.swift";
         sourceTree = "<group>";
      };
      "OBJ_143" = {
         isa = "PBXFileReference";
         path = "CustomSubscription.swift";
         sourceTree = "<group>";
      };
      "OBJ_144" = {
         isa = "PBXFileReference";
         path = "ExecuteOnBackgroundThread.swift";
         sourceTree = "<group>";
      };
      "OBJ_145" = {
         isa = "PBXFileReference";
         path = "FairPriorityQueue.swift";
         sourceTree = "<group>";
      };
      "OBJ_146" = {
         isa = "PBXFileReference";
         path = "OperatorTestHelper.swift";
         sourceTree = "<group>";
      };
      "OBJ_147" = {
         isa = "PBXFileReference";
         path = "TestCoders.swift";
         sourceTree = "<group>";
      };
      "OBJ_148" = {
         isa = "PBXFileReference";
         path = "TestLifecycle.swift";
         sourceTree = "<group>";
      };
      "OBJ_149" = {
         isa = "PBXFileReference";
         path = "TestReflection.swift";
         sourceTree = "<group>";
      };
      "OBJ_15" = {
         isa = "PBXFileReference";
         path = "AnySubscriber.swift";
         sourceTree = "<group>";
      };
      "OBJ_150" = {
         isa = "PBXFileReference";
         path = "TestingError.swift";
         sourceTree = "<group>";
      };
      "OBJ_151" = {
         isa = "PBXFileReference";
         path = "TestingThreadSafety.swift";
         sourceTree = "<group>";
      };
      "OBJ_152" = {
         isa = "PBXFileReference";
         path = "TrackingCollection.swift";
         sourceTree = "<group>";
      };
      "OBJ_153" = {
         isa = "PBXFileReference";
         path = "TrackingEncoder.swift";
         sourceTree = "<group>";
      };
      "OBJ_154" = {
         isa = "PBXFileReference";
         path = "TrackingSubscriber.swift";
         sourceTree = "<group>";
      };
      "OBJ_155" = {
         isa = "PBXFileReference";
         path = "VirtualTimeScheduler.swift";
         sourceTree = "<group>";
      };
      "OBJ_156" = {
         isa = "PBXFileReference";
         path = "XCTUnwrap.swift";
         sourceTree = "<group>";
      };
      "OBJ_157" = {
         isa = "PBXFileReference";
         path = "ImmediateSchedulerTests.swift";
         sourceTree = "<group>";
      };
      "OBJ_158" = {
         isa = "PBXFileReference";
         path = "ObservableObjectPublisherTests.swift";
         sourceTree = "<group>";
      };
      "OBJ_159" = {
         isa = "PBXFileReference";
         path = "PassthroughSubjectTests.swift";
         sourceTree = "<group>";
      };
      "OBJ_16" = {
         isa = "PBXFileReference";
         path = "Cancellable.swift";
         sourceTree = "<group>";
      };
      "OBJ_160" = {
         isa = "PBXFileReference";
         path = "PublishedTests.swift";
         sourceTree = "<group>";
      };
      "OBJ_161" = {
         isa = "PBXFileReference";
         path = "PublisherTests.swift";
         sourceTree = "<group>";
      };
      "OBJ_162" = {
         isa = "PBXGroup";
         children = (
            "OBJ_163",
            "OBJ_164",
            "OBJ_165",
            "OBJ_166",
            "OBJ_167",
            "OBJ_168",
            "OBJ_169",
            "OBJ_170",
            "OBJ_171",
            "OBJ_172",
            "OBJ_173",
            "OBJ_174",
            "OBJ_175",
            "OBJ_176",
            "OBJ_177",
            "OBJ_178",
            "OBJ_179",
            "OBJ_180",
            "OBJ_181",
            "OBJ_182",
            "OBJ_183",
            "OBJ_184",
            "OBJ_185",
            "OBJ_186",
            "OBJ_187",
            "OBJ_188",
            "OBJ_189",
            "OBJ_190",
            "OBJ_191",
            "OBJ_192",
            "OBJ_193",
            "OBJ_194",
            "OBJ_195",
            "OBJ_196",
            "OBJ_197",
            "OBJ_198",
            "OBJ_199",
            "OBJ_200",
            "OBJ_201",
            "OBJ_202",
            "OBJ_203",
            "OBJ_204",
            "OBJ_205",
            "OBJ_206",
            "OBJ_207",
            "OBJ_208",
            "OBJ_209",
            "OBJ_210",
            "OBJ_211",
            "OBJ_212",
            "OBJ_213",
            "OBJ_214",
            "OBJ_215",
            "OBJ_216",
            "OBJ_217"
         );
         name = "PublisherTests";
         path = "PublisherTests";
         sourceTree = "<group>";
      };
      "OBJ_163" = {
         isa = "PBXFileReference";
         path = "AllSatisfyTests.swift";
         sourceTree = "<group>";
      };
      "OBJ_164" = {
         isa = "PBXFileReference";
         path = "AssertNoFailureTests.swift";
         sourceTree = "<group>";
      };
      "OBJ_165" = {
         isa = "PBXFileReference";
         path = "AutoconnectTests.swift";
         sourceTree = "<group>";
      };
      "OBJ_166" = {
         isa = "PBXFileReference";
         path = "BreakpointTests.swift";
         sourceTree = "<group>";
      };
      "OBJ_167" = {
         isa = "PBXFileReference";
         path = "BufferTests.swift";
         sourceTree = "<group>";
      };
      "OBJ_168" = {
         isa = "PBXFileReference";
         path = "CatchTests.swift";
         sourceTree = "<group>";
      };
      "OBJ_169" = {
         isa = "PBXFileReference";
         path = "CollectByCountTests.swift";
         sourceTree = "<group>";
      };
      "OBJ_17" = {
         isa = "PBXFileReference";
         path = "Codable.swift";
         sourceTree = "<group>";
      };
      "OBJ_170" = {
         isa = "PBXFileReference";
         path = "CollectTests.swift";
         sourceTree = "<group>";
      };
      "OBJ_171" = {
         isa = "PBXFileReference";
         path = "CompactMapTests.swift";
         sourceTree = "<group>";
      };
      "OBJ_172" = {
         isa = "PBXFileReference";
         path = "ComparisonTests.swift";
         sourceTree = "<group>";
      };
      "OBJ_173" = {
         isa = "PBXFileReference";
         path = "ConcatenateTests.swift";
         sourceTree = "<group>";
      };
      "OBJ_174" = {
         isa = "PBXFileReference";
         path = "ContainsTests.swift";
         sourceTree = "<group>";
      };
      "OBJ_175" = {
         isa = "PBXFileReference";
         path = "CountTests.swift";
         sourceTree = "<group>";
      };
      "OBJ_176" = {
         isa = "PBXFileReference";
         path = "DebounceTests.swift";
         sourceTree = "<group>";
      };
      "OBJ_177" = {
         isa = "PBXFileReference";
         path = "DeferredTests.swift";
         sourceTree = "<group>";
      };
      "OBJ_178" = {
         isa = "PBXFileReference";
         path = "DelayTests.swift";
         sourceTree = "<group>";
      };
      "OBJ_179" = {
         isa = "PBXFileReference";
         path = "DropTests.swift";
         sourceTree = "<group>";
      };
      "OBJ_18" = {
         isa = "PBXFileReference";
         path = "CombineIdentifier.swift";
         sourceTree = "<group>";
      };
      "OBJ_180" = {
         isa = "PBXFileReference";
         path = "DropUntilOutputTests.swift";
         sourceTree = "<group>";
      };
      "OBJ_181" = {
         isa = "PBXFileReference";
         path = "DropWhileTests.swift";
         sourceTree = "<group>";
      };
      "OBJ_182" = {
         isa = "PBXFileReference";
         path = "EmptyTests.swift";
         sourceTree = "<group>";
      };
      "OBJ_183" = {
         isa = "PBXFileReference";
         path = "EncodeTests.swift";
         sourceTree = "<group>";
      };
      "OBJ_184" = {
         isa = "PBXFileReference";
         path = "FailTests.swift";
         sourceTree = "<group>";
      };
      "OBJ_185" = {
         isa = "PBXFileReference";
         path = "FilterTests.swift";
         sourceTree = "<group>";
      };
      "OBJ_186" = {
         isa = "PBXFileReference";
         path = "FirstTests.swift";
         sourceTree = "<group>";
      };
      "OBJ_187" = {
         isa = "PBXFileReference";
         path = "FlatMapTests.swift";
         sourceTree = "<group>";
      };
      "OBJ_188" = {
         isa = "PBXFileReference";
         path = "FutureTests.swift";
         sourceTree = "<group>";
      };
      "OBJ_189" = {
         isa = "PBXFileReference";
         path = "HandleEventsTests.swift";
         sourceTree = "<group>";
      };
      "OBJ_19" = {
         isa = "PBXFileReference";
         path = "ConnectablePublisher.swift";
         sourceTree = "<group>";
      };
      "OBJ_190" = {
         isa = "PBXFileReference";
         path = "IgnoreOutputTests.swift";
         sourceTree = "<group>";
      };
      "OBJ_191" = {
         isa = "PBXFileReference";
         path = "JustTests.swift";
         sourceTree = "<group>";
      };
      "OBJ_192" = {
         isa = "PBXFileReference";
         path = "LastTests.swift";
         sourceTree = "<group>";
      };
      "OBJ_193" = {
         isa = "PBXFileReference";
         path = "MakeConnectableTests.swift";
         sourceTree = "<group>";
      };
      "OBJ_194" = {
         isa = "PBXFileReference";
         path = "MapErrorTests.swift";
         sourceTree = "<group>";
      };
      "OBJ_195" = {
         isa = "PBXFileReference";
         path = "MapKeyPathTests.swift";
         sourceTree = "<group>";
      };
      "OBJ_196" = {
         isa = "PBXFileReference";
         path = "MapTests.swift";
         sourceTree = "<group>";
      };
      "OBJ_197" = {
         isa = "PBXFileReference";
         path = "MeasureIntervalTests.swift";
         sourceTree = "<group>";
      };
      "OBJ_198" = {
         isa = "PBXFileReference";
         path = "MulticastTests.swift";
         sourceTree = "<group>";
      };
      "OBJ_199" = {
         isa = "PBXFileReference";
         path = "OptionalPublisherTests.swift";
         sourceTree = "<group>";
      };
      "OBJ_2" = {
         isa = "XCConfigurationList";
         buildConfigurations = (
            "OBJ_3",
            "OBJ_4"
         );
         defaultConfigurationIsVisible = "0";
         defaultConfigurationName = "Release";
      };
      "OBJ_20" = {
         isa = "PBXFileReference";
         path = "CurrentValueSubject.swift";
         sourceTree = "<group>";
      };
      "OBJ_200" = {
         isa = "PBXFileReference";
         path = "OutputTests.swift";
         sourceTree = "<group>";
      };
      "OBJ_201" = {
         isa = "PBXFileReference";
         path = "PrefixWhileTests.swift";
         sourceTree = "<group>";
      };
      "OBJ_202" = {
         isa = "PBXFileReference";
         path = "PrintTests.swift";
         sourceTree = "<group>";
      };
      "OBJ_203" = {
         isa = "PBXFileReference";
         path = "ReceiveOnTests.swift";
         sourceTree = "<group>";
      };
      "OBJ_204" = {
         isa = "PBXFileReference";
         path = "RecordTests.swift";
         sourceTree = "<group>";
      };
      "OBJ_205" = {
         isa = "PBXFileReference";
         path = "ReduceTests.swift";
         sourceTree = "<group>";
      };
      "OBJ_206" = {
         isa = "PBXFileReference";
         path = "RemoveDuplicatesTests.swift";
         sourceTree = "<group>";
      };
      "OBJ_207" = {
         isa = "PBXFileReference";
         path = "ReplaceEmptyTests.swift";
         sourceTree = "<group>";
      };
      "OBJ_208" = {
         isa = "PBXFileReference";
         path = "ReplaceErrorTests.swift";
         sourceTree = "<group>";
      };
      "OBJ_209" = {
         isa = "PBXFileReference";
         path = "ReplaceNilTests.swift";
         sourceTree = "<group>";
      };
      "OBJ_21" = {
         isa = "PBXFileReference";
         path = "CustomCombineIdentifierConvertible.swift";
         sourceTree = "<group>";
      };
      "OBJ_210" = {
         isa = "PBXFileReference";
         path = "ResultPublisherTests.swift";
         sourceTree = "<group>";
      };
      "OBJ_211" = {
         isa = "PBXFileReference";
         path = "ScanTests.swift";
         sourceTree = "<group>";
      };
      "OBJ_212" = {
         isa = "PBXFileReference";
         path = "SequenceTests.swift";
         sourceTree = "<group>";
      };
      "OBJ_213" = {
         isa = "PBXFileReference";
         path = "SetFailureTypeTests.swift";
         sourceTree = "<group>";
      };
      "OBJ_214" = {
         isa = "PBXFileReference";
         path = "ShareTests.swift";
         sourceTree = "<group>";
      };
      "OBJ_215" = {
         isa = "PBXFileReference";
         path = "SubscribeOnTests.swift";
         sourceTree = "<group>";
      };
      "OBJ_216" = {
         isa = "PBXFileReference";
         path = "SwitchToLatestTests.swift";
         sourceTree = "<group>";
      };
      "OBJ_217" = {
         isa = "PBXFileReference";
         path = "TimeoutTests.swift";
         sourceTree = "<group>";
      };
      "OBJ_218" = {
         isa = "PBXGroup";
         children = (
            "OBJ_219",
            "OBJ_220",
            "OBJ_221",
            "OBJ_222"
         );
         name = "SubscribersTests";
         path = "SubscribersTests";
         sourceTree = "<group>";
      };
      "OBJ_219" = {
         isa = "PBXFileReference";
         path = "AssignTests.swift";
         sourceTree = "<group>";
      };
      "OBJ_22" = {
         isa = "PBXFileReference";
         path = "Future.swift";
         sourceTree = "<group>";
      };
      "OBJ_220" = {
         isa = "PBXFileReference";
         path = "CompletionTests.swift";
         sourceTree = "<group>";
      };
      "OBJ_221" = {
         isa = "PBXFileReference";
         path = "SinkTests.swift";
         sourceTree = "<group>";
      };
      "OBJ_222" = {
         isa = "PBXFileReference";
         path = "SubscribersDemandTests.swift";
         sourceTree = "<group>";
      };
      "OBJ_223" = {
         isa = "PBXGroup";
         children = (
            "OBJ_224"
         );
         name = "Subscriptions";
         path = "Subscriptions";
         sourceTree = "<group>";
      };
      "OBJ_224" = {
         isa = "PBXFileReference";
         path = "EmptySubscriptionTests.swift";
         sourceTree = "<group>";
      };
      "OBJ_225" = {
         isa = "PBXFileReference";
         path = "VirtualTimeSchedulerTests.swift";
         sourceTree = "<group>";
      };
      "OBJ_226" = {
         isa = "PBXGroup";
         children = (
            "OpenCombine::OpenCombine::Product",
            "OpenCombine::COpenCombineHelpers::Product",
            "OpenCombine::OpenCombineTests::Product",
            "OpenCombine::OpenCombineFoundation::Product",
            "OpenCombine::OpenCombineDispatch::Product"
         );
         name = "Products";
         path = "";
         sourceTree = "BUILT_PRODUCTS_DIR";
      };
      "OBJ_23" = {
         isa = "PBXGroup";
         children = (
            "OBJ_24",
            "OBJ_25",
            "OBJ_26",
            "OBJ_27",
            "OBJ_28",
            "OBJ_29",
            "OBJ_30",
            "OBJ_31",
            "OBJ_32"
         );
         name = "Helpers";
         path = "Helpers";
         sourceTree = "<group>";
      };
      "OBJ_232" = {
         isa = "PBXFileReference";
         path = "utils";
         sourceTree = "SOURCE_ROOT";
      };
      "OBJ_233" = {
         isa = "PBXFileReference";
         path = "OpenCombineFoundation.podspec";
         sourceTree = "<group>";
      };
      "OBJ_234" = {
         isa = "PBXFileReference";
         path = "LICENSE";
         sourceTree = "<group>";
      };
      "OBJ_235" = {
         isa = "PBXFileReference";
         path = "opencombine_lldb.py";
         sourceTree = "<group>";
      };
      "OBJ_236" = {
         isa = "PBXFileReference";
         path = "Makefile";
         sourceTree = "<group>";
      };
      "OBJ_237" = {
         isa = "PBXFileReference";
         path = "Combine-Compatibility.xcconfig";
         sourceTree = "<group>";
      };
      "OBJ_238" = {
         isa = "PBXFileReference";
         path = "README.md";
         sourceTree = "<group>";
      };
      "OBJ_239" = {
         isa = "PBXFileReference";
         path = "OpenCombineDispatch.podspec";
         sourceTree = "<group>";
      };
      "OBJ_24" = {
         isa = "PBXFileReference";
         path = "ConduitBase.swift";
         sourceTree = "<group>";
      };
      "OBJ_240" = {
         isa = "PBXFileReference";
         path = "Gemfile";
         sourceTree = "<group>";
      };
      "OBJ_241" = {
         isa = "PBXFileReference";
         path = "OpenCombine.podspec";
         sourceTree = "<group>";
      };
      "OBJ_242" = {
         isa = "PBXFileReference";
         path = "Gemfile.lock";
         sourceTree = "<group>";
      };
      "OBJ_244" = {
         isa = "XCConfigurationList";
         buildConfigurations = (
            "OBJ_245",
            "OBJ_246"
         );
         defaultConfigurationIsVisible = "0";
         defaultConfigurationName = "Release";
      };
      "OBJ_245" = {
         isa = "XCBuildConfiguration";
         buildSettings = {
            CLANG_CXX_LANGUAGE_STANDARD = "c++1z";
            CLANG_ENABLE_MODULES = "YES";
            DEFINES_MODULE = "YES";
            ENABLE_TESTABILITY = "YES";
            FRAMEWORK_SEARCH_PATHS = (
               "$(inherited)",
               "$(PLATFORM_DIR)/Developer/Library/Frameworks"
            );
            HEADER_SEARCH_PATHS = (
               "$(inherited)",
               "$(SRCROOT)/Sources/COpenCombineHelpers/include"
            );
            INFOPLIST_FILE = "OpenCombine.xcodeproj/COpenCombineHelpers_Info.plist";
            IPHONEOS_DEPLOYMENT_TARGET = "8.0";
            LD_RUNPATH_SEARCH_PATHS = (
               "$(inherited)",
               "$(TOOLCHAIN_DIR)/usr/lib/swift/macosx"
            );
            MACOSX_DEPLOYMENT_TARGET = "10.10";
            OTHER_CFLAGS = (
               "$(inherited)"
            );
            OTHER_LDFLAGS = (
               "$(inherited)"
            );
            OTHER_SWIFT_FLAGS = (
               "$(inherited)"
            );
            PRODUCT_BUNDLE_IDENTIFIER = "COpenCombineHelpers";
            PRODUCT_MODULE_NAME = "$(TARGET_NAME:c99extidentifier)";
            PRODUCT_NAME = "$(TARGET_NAME:c99extidentifier)";
            SKIP_INSTALL = "YES";
            SWIFT_ACTIVE_COMPILATION_CONDITIONS = (
               "$(inherited)"
            );
            TARGET_NAME = "COpenCombineHelpers";
            TVOS_DEPLOYMENT_TARGET = "9.0";
            WATCHOS_DEPLOYMENT_TARGET = "2.0";
         };
         name = "Debug";
      };
      "OBJ_246" = {
         isa = "XCBuildConfiguration";
         buildSettings = {
            CLANG_CXX_LANGUAGE_STANDARD = "c++1z";
            CLANG_ENABLE_MODULES = "YES";
            DEFINES_MODULE = "YES";
            ENABLE_TESTABILITY = "YES";
            FRAMEWORK_SEARCH_PATHS = (
               "$(inherited)",
               "$(PLATFORM_DIR)/Developer/Library/Frameworks"
            );
            HEADER_SEARCH_PATHS = (
               "$(inherited)",
               "$(SRCROOT)/Sources/COpenCombineHelpers/include"
            );
            INFOPLIST_FILE = "OpenCombine.xcodeproj/COpenCombineHelpers_Info.plist";
            IPHONEOS_DEPLOYMENT_TARGET = "8.0";
            LD_RUNPATH_SEARCH_PATHS = (
               "$(inherited)",
               "$(TOOLCHAIN_DIR)/usr/lib/swift/macosx"
            );
            MACOSX_DEPLOYMENT_TARGET = "10.10";
            OTHER_CFLAGS = (
               "$(inherited)"
            );
            OTHER_LDFLAGS = (
               "$(inherited)"
            );
            OTHER_SWIFT_FLAGS = (
               "$(inherited)"
            );
            PRODUCT_BUNDLE_IDENTIFIER = "COpenCombineHelpers";
            PRODUCT_MODULE_NAME = "$(TARGET_NAME:c99extidentifier)";
            PRODUCT_NAME = "$(TARGET_NAME:c99extidentifier)";
            SKIP_INSTALL = "YES";
            SWIFT_ACTIVE_COMPILATION_CONDITIONS = (
               "$(inherited)"
            );
            TARGET_NAME = "COpenCombineHelpers";
            TVOS_DEPLOYMENT_TARGET = "9.0";
            WATCHOS_DEPLOYMENT_TARGET = "2.0";
         };
         name = "Release";
      };
      "OBJ_247" = {
         isa = "PBXSourcesBuildPhase";
         files = (
            "OBJ_248"
         );
      };
      "OBJ_248" = {
         isa = "PBXBuildFile";
         fileRef = "OBJ_9";
      };
      "OBJ_249" = {
         isa = "PBXHeadersBuildPhase";
         files = (
            "OBJ_250"
         );
      };
      "OBJ_25" = {
         isa = "PBXFileReference";
         path = "ConduitList.swift";
         sourceTree = "<group>";
      };
      "OBJ_250" = {
         isa = "PBXBuildFile";
         fileRef = "OBJ_11";
         settings = {
            ATTRIBUTES = (
               "Public"
            );
         };
      };
      "OBJ_251" = {
         isa = "PBXFrameworksBuildPhase";
         files = (
         );
      };
      "OBJ_253" = {
         isa = "XCConfigurationList";
         buildConfigurations = (
            "OBJ_254",
            "OBJ_255"
         );
         defaultConfigurationIsVisible = "0";
         defaultConfigurationName = "Release";
      };
      "OBJ_254" = {
         isa = "XCBuildConfiguration";
         buildSettings = {
            ENABLE_TESTABILITY = "YES";
            FRAMEWORK_SEARCH_PATHS = (
               "$(inherited)",
               "$(PLATFORM_DIR)/Developer/Library/Frameworks"
            );
            HEADER_SEARCH_PATHS = (
               "$(inherited)",
               "$(SRCROOT)/Sources/COpenCombineHelpers/include"
            );
            INFOPLIST_FILE = "OpenCombine.xcodeproj/OpenCombine_Info.plist";
            IPHONEOS_DEPLOYMENT_TARGET = "8.0";
            LD_RUNPATH_SEARCH_PATHS = (
               "$(inherited)",
               "$(TOOLCHAIN_DIR)/usr/lib/swift/macosx"
            );
            MACOSX_DEPLOYMENT_TARGET = "10.10";
            OTHER_CFLAGS = (
               "$(inherited)"
            );
            OTHER_LDFLAGS = (
               "$(inherited)"
            );
            OTHER_SWIFT_FLAGS = (
               "$(inherited)"
            );
            PRODUCT_BUNDLE_IDENTIFIER = "OpenCombine";
            PRODUCT_MODULE_NAME = "$(TARGET_NAME:c99extidentifier)";
            PRODUCT_NAME = "$(TARGET_NAME:c99extidentifier)";
            SKIP_INSTALL = "YES";
            SWIFT_ACTIVE_COMPILATION_CONDITIONS = (
               "$(inherited)"
            );
            SWIFT_VERSION = "5.0";
            TARGET_NAME = "OpenCombine";
            TVOS_DEPLOYMENT_TARGET = "9.0";
            WATCHOS_DEPLOYMENT_TARGET = "2.0";
         };
         name = "Debug";
      };
      "OBJ_255" = {
         isa = "XCBuildConfiguration";
         buildSettings = {
            ENABLE_TESTABILITY = "YES";
            FRAMEWORK_SEARCH_PATHS = (
               "$(inherited)",
               "$(PLATFORM_DIR)/Developer/Library/Frameworks"
            );
            HEADER_SEARCH_PATHS = (
               "$(inherited)",
               "$(SRCROOT)/Sources/COpenCombineHelpers/include"
            );
            INFOPLIST_FILE = "OpenCombine.xcodeproj/OpenCombine_Info.plist";
            IPHONEOS_DEPLOYMENT_TARGET = "8.0";
            LD_RUNPATH_SEARCH_PATHS = (
               "$(inherited)",
               "$(TOOLCHAIN_DIR)/usr/lib/swift/macosx"
            );
            MACOSX_DEPLOYMENT_TARGET = "10.10";
            OTHER_CFLAGS = (
               "$(inherited)"
            );
            OTHER_LDFLAGS = (
               "$(inherited)"
            );
            OTHER_SWIFT_FLAGS = (
               "$(inherited)"
            );
            PRODUCT_BUNDLE_IDENTIFIER = "OpenCombine";
            PRODUCT_MODULE_NAME = "$(TARGET_NAME:c99extidentifier)";
            PRODUCT_NAME = "$(TARGET_NAME:c99extidentifier)";
            SKIP_INSTALL = "YES";
            SWIFT_ACTIVE_COMPILATION_CONDITIONS = (
               "$(inherited)"
            );
            SWIFT_VERSION = "5.0";
            TARGET_NAME = "OpenCombine";
            TVOS_DEPLOYMENT_TARGET = "9.0";
            WATCHOS_DEPLOYMENT_TARGET = "2.0";
         };
         name = "Release";
      };
      "OBJ_256" = {
         isa = "PBXSourcesBuildPhase";
         files = (
            "OBJ_257",
            "OBJ_258",
            "OBJ_259",
            "OBJ_260",
            "OBJ_261",
            "OBJ_262",
            "OBJ_263",
            "OBJ_264",
            "OBJ_265",
            "OBJ_266",
            "OBJ_267",
            "OBJ_268",
            "OBJ_269",
            "OBJ_270",
            "OBJ_271",
            "OBJ_272",
            "OBJ_273",
            "OBJ_274",
            "OBJ_275",
            "OBJ_276",
            "OBJ_277",
            "OBJ_278",
            "OBJ_279",
            "OBJ_280",
            "OBJ_281",
            "OBJ_282",
            "OBJ_283",
            "OBJ_284",
            "OBJ_285",
            "OBJ_286",
            "OBJ_287",
            "OBJ_288",
            "OBJ_289",
            "OBJ_290",
            "OBJ_291",
            "OBJ_292",
            "OBJ_293",
            "OBJ_294",
            "OBJ_295",
            "OBJ_296",
            "OBJ_297",
            "OBJ_298",
            "OBJ_299",
            "OBJ_300",
            "OBJ_301",
            "OBJ_302",
            "OBJ_303",
            "OBJ_304",
            "OBJ_305",
            "OBJ_306",
            "OBJ_307",
            "OBJ_308",
            "OBJ_309",
            "OBJ_310",
            "OBJ_311",
            "OBJ_312",
            "OBJ_313",
            "OBJ_314",
            "OBJ_315",
            "OBJ_316",
            "OBJ_317",
            "OBJ_318",
            "OBJ_319",
            "OBJ_320",
            "OBJ_321",
            "OBJ_322",
            "OBJ_323",
            "OBJ_324",
            "OBJ_325",
            "OBJ_326",
            "OBJ_327",
            "OBJ_328",
            "OBJ_329",
            "OBJ_330",
            "OBJ_331",
            "OBJ_332",
            "OBJ_333",
            "OBJ_334",
            "OBJ_335",
            "OBJ_336",
            "OBJ_337",
            "OBJ_338",
            "OBJ_339",
            "OBJ_340",
            "OBJ_341",
            "OBJ_342",
            "OBJ_343",
            "OBJ_344",
            "OBJ_345",
            "OBJ_346"
         );
      };
      "OBJ_257" = {
         isa = "PBXBuildFile";
         fileRef = "OBJ_13";
      };
      "OBJ_258" = {
         isa = "PBXBuildFile";
         fileRef = "OBJ_14";
      };
      "OBJ_259" = {
         isa = "PBXBuildFile";
         fileRef = "OBJ_15";
      };
      "OBJ_26" = {
         isa = "PBXFileReference";
         path = "FilterProducer.swift";
         sourceTree = "<group>";
      };
      "OBJ_260" = {
         isa = "PBXBuildFile";
         fileRef = "OBJ_16";
      };
      "OBJ_261" = {
         isa = "PBXBuildFile";
         fileRef = "OBJ_17";
      };
      "OBJ_262" = {
         isa = "PBXBuildFile";
         fileRef = "OBJ_18";
      };
      "OBJ_263" = {
         isa = "PBXBuildFile";
         fileRef = "OBJ_19";
      };
      "OBJ_264" = {
         isa = "PBXBuildFile";
         fileRef = "OBJ_20";
      };
      "OBJ_265" = {
         isa = "PBXBuildFile";
         fileRef = "OBJ_21";
      };
      "OBJ_266" = {
         isa = "PBXBuildFile";
         fileRef = "OBJ_22";
      };
      "OBJ_267" = {
         isa = "PBXBuildFile";
         fileRef = "OBJ_24";
      };
      "OBJ_268" = {
         isa = "PBXBuildFile";
         fileRef = "OBJ_25";
      };
      "OBJ_269" = {
         isa = "PBXBuildFile";
         fileRef = "OBJ_26";
      };
      "OBJ_27" = {
         isa = "PBXFileReference";
         path = "Locking.swift";
         sourceTree = "<group>";
      };
      "OBJ_270" = {
         isa = "PBXBuildFile";
         fileRef = "OBJ_27";
      };
      "OBJ_271" = {
         isa = "PBXBuildFile";
         fileRef = "OBJ_28";
      };
      "OBJ_272" = {
         isa = "PBXBuildFile";
         fileRef = "OBJ_29";
      };
      "OBJ_273" = {
         isa = "PBXBuildFile";
         fileRef = "OBJ_30";
      };
      "OBJ_274" = {
         isa = "PBXBuildFile";
         fileRef = "OBJ_31";
      };
      "OBJ_275" = {
         isa = "PBXBuildFile";
         fileRef = "OBJ_32";
      };
      "OBJ_276" = {
         isa = "PBXBuildFile";
         fileRef = "OBJ_33";
      };
      "OBJ_277" = {
         isa = "PBXBuildFile";
         fileRef = "OBJ_34";
      };
      "OBJ_278" = {
         isa = "PBXBuildFile";
         fileRef = "OBJ_35";
      };
      "OBJ_279" = {
         isa = "PBXBuildFile";
         fileRef = "OBJ_36";
      };
      "OBJ_28" = {
         isa = "PBXFileReference";
         path = "PartialCompletion.swift";
         sourceTree = "<group>";
      };
      "OBJ_280" = {
         isa = "PBXBuildFile";
         fileRef = "OBJ_37";
      };
      "OBJ_281" = {
         isa = "PBXBuildFile";
         fileRef = "OBJ_39";
      };
      "OBJ_282" = {
         isa = "PBXBuildFile";
         fileRef = "OBJ_40";
      };
      "OBJ_283" = {
         isa = "PBXBuildFile";
         fileRef = "OBJ_41";
      };
      "OBJ_284" = {
         isa = "PBXBuildFile";
         fileRef = "OBJ_42";
      };
      "OBJ_285" = {
         isa = "PBXBuildFile";
         fileRef = "OBJ_43";
      };
      "OBJ_286" = {
         isa = "PBXBuildFile";
         fileRef = "OBJ_44";
      };
      "OBJ_287" = {
         isa = "PBXBuildFile";
         fileRef = "OBJ_45";
      };
      "OBJ_288" = {
         isa = "PBXBuildFile";
         fileRef = "OBJ_46";
      };
      "OBJ_289" = {
         isa = "PBXBuildFile";
         fileRef = "OBJ_47";
      };
      "OBJ_29" = {
         isa = "PBXFileReference";
         path = "ReduceProducer.swift";
         sourceTree = "<group>";
      };
      "OBJ_290" = {
         isa = "PBXBuildFile";
         fileRef = "OBJ_48";
      };
      "OBJ_291" = {
         isa = "PBXBuildFile";
         fileRef = "OBJ_49";
      };
      "OBJ_292" = {
         isa = "PBXBuildFile";
         fileRef = "OBJ_50";
      };
      "OBJ_293" = {
         isa = "PBXBuildFile";
         fileRef = "OBJ_51";
      };
      "OBJ_294" = {
         isa = "PBXBuildFile";
         fileRef = "OBJ_52";
      };
      "OBJ_295" = {
         isa = "PBXBuildFile";
         fileRef = "OBJ_53";
      };
      "OBJ_296" = {
         isa = "PBXBuildFile";
         fileRef = "OBJ_54";
      };
      "OBJ_297" = {
         isa = "PBXBuildFile";
         fileRef = "OBJ_55";
      };
      "OBJ_298" = {
         isa = "PBXBuildFile";
         fileRef = "OBJ_56";
      };
      "OBJ_299" = {
         isa = "PBXBuildFile";
         fileRef = "OBJ_57";
      };
      "OBJ_3" = {
         isa = "XCBuildConfiguration";
         buildSettings = {
            CLANG_ENABLE_OBJC_ARC = "YES";
            COMBINE_HIDPI_IMAGES = "YES";
            COPY_PHASE_STRIP = "NO";
            DEBUG_INFORMATION_FORMAT = "dwarf";
            DYLIB_INSTALL_NAME_BASE = "@rpath";
            ENABLE_NS_ASSERTIONS = "YES";
            GCC_OPTIMIZATION_LEVEL = "0";
            GCC_PREPROCESSOR_DEFINITIONS = (
               "$(inherited)",
               "SWIFT_PACKAGE=1",
               "DEBUG=1"
            );
            MACOSX_DEPLOYMENT_TARGET = "10.10";
            ONLY_ACTIVE_ARCH = "YES";
            OTHER_CFLAGS = (
               "-Wunguarded-availability"
            );
            OTHER_SWIFT_FLAGS = (
               "$(inherited)",
               "-DXcode"
            );
            PRODUCT_NAME = "$(TARGET_NAME)";
            SDKROOT = "macosx";
            SUPPORTED_PLATFORMS = (
               "macosx",
               "iphoneos",
               "iphonesimulator",
               "appletvos",
               "appletvsimulator",
               "watchos",
               "watchsimulator"
            );
            SWIFT_ACTIVE_COMPILATION_CONDITIONS = (
               "$(inherited)",
               "SWIFT_PACKAGE",
               "DEBUG"
            );
            SWIFT_OPTIMIZATION_LEVEL = "-Onone";
            USE_HEADERMAP = "NO";
         };
         name = "Debug";
      };
      "OBJ_30" = {
         isa = "PBXFileReference";
         path = "SubjectSubscriber.swift";
         sourceTree = "<group>";
      };
      "OBJ_300" = {
         isa = "PBXBuildFile";
         fileRef = "OBJ_58";
      };
      "OBJ_301" = {
         isa = "PBXBuildFile";
         fileRef = "OBJ_59";
      };
      "OBJ_302" = {
         isa = "PBXBuildFile";
         fileRef = "OBJ_60";
      };
      "OBJ_303" = {
         isa = "PBXBuildFile";
         fileRef = "OBJ_61";
      };
      "OBJ_304" = {
         isa = "PBXBuildFile";
         fileRef = "OBJ_62";
      };
      "OBJ_305" = {
         isa = "PBXBuildFile";
         fileRef = "OBJ_63";
      };
      "OBJ_306" = {
         isa = "PBXBuildFile";
         fileRef = "OBJ_64";
      };
      "OBJ_307" = {
         isa = "PBXBuildFile";
         fileRef = "OBJ_65";
      };
      "OBJ_308" = {
         isa = "PBXBuildFile";
         fileRef = "OBJ_66";
      };
      "OBJ_309" = {
         isa = "PBXBuildFile";
         fileRef = "OBJ_67";
      };
      "OBJ_31" = {
         isa = "PBXFileReference";
         path = "SubscriptionStatus.swift";
         sourceTree = "<group>";
      };
      "OBJ_310" = {
         isa = "PBXBuildFile";
         fileRef = "OBJ_68";
      };
      "OBJ_311" = {
         isa = "PBXBuildFile";
         fileRef = "OBJ_69";
      };
      "OBJ_312" = {
         isa = "PBXBuildFile";
         fileRef = "OBJ_70";
      };
      "OBJ_313" = {
         isa = "PBXBuildFile";
         fileRef = "OBJ_71";
      };
      "OBJ_314" = {
         isa = "PBXBuildFile";
         fileRef = "OBJ_72";
      };
      "OBJ_315" = {
         isa = "PBXBuildFile";
         fileRef = "OBJ_73";
      };
      "OBJ_316" = {
         isa = "PBXBuildFile";
         fileRef = "OBJ_74";
      };
      "OBJ_317" = {
         isa = "PBXBuildFile";
         fileRef = "OBJ_75";
      };
      "OBJ_318" = {
         isa = "PBXBuildFile";
         fileRef = "OBJ_76";
      };
      "OBJ_319" = {
         isa = "PBXBuildFile";
         fileRef = "OBJ_77";
      };
      "OBJ_32" = {
         isa = "PBXFileReference";
         path = "Violations.swift";
         sourceTree = "<group>";
      };
      "OBJ_320" = {
         isa = "PBXBuildFile";
         fileRef = "OBJ_78";
      };
      "OBJ_321" = {
         isa = "PBXBuildFile";
         fileRef = "OBJ_79";
      };
      "OBJ_322" = {
         isa = "PBXBuildFile";
         fileRef = "OBJ_80";
      };
      "OBJ_323" = {
         isa = "PBXBuildFile";
         fileRef = "OBJ_81";
      };
      "OBJ_324" = {
         isa = "PBXBuildFile";
         fileRef = "OBJ_82";
      };
      "OBJ_325" = {
         isa = "PBXBuildFile";
         fileRef = "OBJ_83";
      };
      "OBJ_326" = {
         isa = "PBXBuildFile";
         fileRef = "OBJ_84";
      };
      "OBJ_327" = {
         isa = "PBXBuildFile";
         fileRef = "OBJ_85";
      };
      "OBJ_328" = {
         isa = "PBXBuildFile";
         fileRef = "OBJ_86";
      };
      "OBJ_329" = {
         isa = "PBXBuildFile";
         fileRef = "OBJ_87";
      };
      "OBJ_33" = {
         isa = "PBXFileReference";
         path = "ImmediateScheduler.swift";
         sourceTree = "<group>";
      };
      "OBJ_330" = {
         isa = "PBXBuildFile";
         fileRef = "OBJ_88";
      };
      "OBJ_331" = {
         isa = "PBXBuildFile";
         fileRef = "OBJ_89";
      };
      "OBJ_332" = {
         isa = "PBXBuildFile";
         fileRef = "OBJ_90";
      };
      "OBJ_333" = {
         isa = "PBXBuildFile";
         fileRef = "OBJ_91";
      };
      "OBJ_334" = {
         isa = "PBXBuildFile";
         fileRef = "OBJ_92";
      };
      "OBJ_335" = {
         isa = "PBXBuildFile";
         fileRef = "OBJ_93";
      };
      "OBJ_336" = {
         isa = "PBXBuildFile";
         fileRef = "OBJ_94";
      };
      "OBJ_337" = {
         isa = "PBXBuildFile";
         fileRef = "OBJ_95";
      };
      "OBJ_338" = {
         isa = "PBXBuildFile";
         fileRef = "OBJ_96";
      };
      "OBJ_339" = {
         isa = "PBXBuildFile";
         fileRef = "OBJ_97";
      };
      "OBJ_34" = {
         isa = "PBXFileReference";
         path = "ObservableObject.swift";
         sourceTree = "<group>";
      };
      "OBJ_340" = {
         isa = "PBXBuildFile";
         fileRef = "OBJ_99";
      };
      "OBJ_341" = {
         isa = "PBXBuildFile";
         fileRef = "OBJ_100";
      };
      "OBJ_342" = {
         isa = "PBXBuildFile";
         fileRef = "OBJ_101";
      };
      "OBJ_343" = {
         isa = "PBXBuildFile";
         fileRef = "OBJ_102";
      };
      "OBJ_344" = {
         isa = "PBXBuildFile";
         fileRef = "OBJ_103";
      };
      "OBJ_345" = {
         isa = "PBXBuildFile";
         fileRef = "OBJ_104";
      };
      "OBJ_346" = {
         isa = "PBXBuildFile";
         fileRef = "OBJ_105";
      };
      "OBJ_347" = {
         isa = "PBXFrameworksBuildPhase";
         files = (
            "OBJ_348"
         );
      };
      "OBJ_348" = {
         isa = "PBXBuildFile";
         fileRef = "OpenCombine::COpenCombineHelpers::Product";
      };
      "OBJ_349" = {
         isa = "PBXTargetDependency";
         target = "OpenCombine::COpenCombineHelpers";
      };
      "OBJ_35" = {
         isa = "PBXFileReference";
         path = "PassthroughSubject.swift";
         sourceTree = "<group>";
      };
      "OBJ_351" = {
         isa = "XCConfigurationList";
         buildConfigurations = (
            "OBJ_352",
            "OBJ_353"
         );
         defaultConfigurationIsVisible = "0";
         defaultConfigurationName = "Release";
      };
      "OBJ_352" = {
         isa = "XCBuildConfiguration";
         buildSettings = {
            ENABLE_TESTABILITY = "YES";
            FRAMEWORK_SEARCH_PATHS = (
               "$(inherited)",
               "$(PLATFORM_DIR)/Developer/Library/Frameworks"
            );
            HEADER_SEARCH_PATHS = (
               "$(inherited)",
               "$(SRCROOT)/Sources/COpenCombineHelpers/include"
            );
            INFOPLIST_FILE = "OpenCombine.xcodeproj/OpenCombineDispatch_Info.plist";
            IPHONEOS_DEPLOYMENT_TARGET = "8.0";
            LD_RUNPATH_SEARCH_PATHS = (
               "$(inherited)",
               "$(TOOLCHAIN_DIR)/usr/lib/swift/macosx"
            );
            MACOSX_DEPLOYMENT_TARGET = "10.10";
            OTHER_CFLAGS = (
               "$(inherited)"
            );
            OTHER_LDFLAGS = (
               "$(inherited)"
            );
            OTHER_SWIFT_FLAGS = (
               "$(inherited)"
            );
            PRODUCT_BUNDLE_IDENTIFIER = "OpenCombineDispatch";
            PRODUCT_MODULE_NAME = "$(TARGET_NAME:c99extidentifier)";
            PRODUCT_NAME = "$(TARGET_NAME:c99extidentifier)";
            SKIP_INSTALL = "YES";
            SWIFT_ACTIVE_COMPILATION_CONDITIONS = (
               "$(inherited)"
            );
            SWIFT_VERSION = "5.0";
            TARGET_NAME = "OpenCombineDispatch";
            TVOS_DEPLOYMENT_TARGET = "9.0";
            WATCHOS_DEPLOYMENT_TARGET = "2.0";
         };
         name = "Debug";
      };
      "OBJ_353" = {
         isa = "XCBuildConfiguration";
         buildSettings = {
            ENABLE_TESTABILITY = "YES";
            FRAMEWORK_SEARCH_PATHS = (
               "$(inherited)",
               "$(PLATFORM_DIR)/Developer/Library/Frameworks"
            );
            HEADER_SEARCH_PATHS = (
               "$(inherited)",
               "$(SRCROOT)/Sources/COpenCombineHelpers/include"
            );
            INFOPLIST_FILE = "OpenCombine.xcodeproj/OpenCombineDispatch_Info.plist";
            IPHONEOS_DEPLOYMENT_TARGET = "8.0";
            LD_RUNPATH_SEARCH_PATHS = (
               "$(inherited)",
               "$(TOOLCHAIN_DIR)/usr/lib/swift/macosx"
            );
            MACOSX_DEPLOYMENT_TARGET = "10.10";
            OTHER_CFLAGS = (
               "$(inherited)"
            );
            OTHER_LDFLAGS = (
               "$(inherited)"
            );
            OTHER_SWIFT_FLAGS = (
               "$(inherited)"
            );
            PRODUCT_BUNDLE_IDENTIFIER = "OpenCombineDispatch";
            PRODUCT_MODULE_NAME = "$(TARGET_NAME:c99extidentifier)";
            PRODUCT_NAME = "$(TARGET_NAME:c99extidentifier)";
            SKIP_INSTALL = "YES";
            SWIFT_ACTIVE_COMPILATION_CONDITIONS = (
               "$(inherited)"
            );
            SWIFT_VERSION = "5.0";
            TARGET_NAME = "OpenCombineDispatch";
            TVOS_DEPLOYMENT_TARGET = "9.0";
            WATCHOS_DEPLOYMENT_TARGET = "2.0";
         };
         name = "Release";
      };
      "OBJ_354" = {
         isa = "PBXSourcesBuildPhase";
         files = (
            "OBJ_355"
         );
      };
      "OBJ_355" = {
         isa = "PBXBuildFile";
         fileRef = "OBJ_107";
      };
      "OBJ_356" = {
         isa = "PBXFrameworksBuildPhase";
         files = (
            "OBJ_357",
            "OBJ_358"
         );
      };
      "OBJ_357" = {
         isa = "PBXBuildFile";
         fileRef = "OpenCombine::OpenCombine::Product";
      };
      "OBJ_358" = {
         isa = "PBXBuildFile";
         fileRef = "OpenCombine::COpenCombineHelpers::Product";
      };
      "OBJ_359" = {
         isa = "PBXTargetDependency";
         target = "OpenCombine::OpenCombine";
      };
      "OBJ_36" = {
         isa = "PBXFileReference";
         path = "Published.swift";
         sourceTree = "<group>";
      };
      "OBJ_360" = {
         isa = "PBXTargetDependency";
         target = "OpenCombine::COpenCombineHelpers";
      };
      "OBJ_362" = {
         isa = "XCConfigurationList";
         buildConfigurations = (
            "OBJ_363",
            "OBJ_364"
         );
         defaultConfigurationIsVisible = "0";
         defaultConfigurationName = "Release";
      };
      "OBJ_363" = {
         isa = "XCBuildConfiguration";
         buildSettings = {
            ENABLE_TESTABILITY = "YES";
            FRAMEWORK_SEARCH_PATHS = (
               "$(inherited)",
               "$(PLATFORM_DIR)/Developer/Library/Frameworks"
            );
            HEADER_SEARCH_PATHS = (
               "$(inherited)",
               "$(SRCROOT)/Sources/COpenCombineHelpers/include"
            );
            INFOPLIST_FILE = "OpenCombine.xcodeproj/OpenCombineFoundation_Info.plist";
            IPHONEOS_DEPLOYMENT_TARGET = "8.0";
            LD_RUNPATH_SEARCH_PATHS = (
               "$(inherited)",
               "$(TOOLCHAIN_DIR)/usr/lib/swift/macosx"
            );
            MACOSX_DEPLOYMENT_TARGET = "10.10";
            OTHER_CFLAGS = (
               "$(inherited)"
            );
            OTHER_LDFLAGS = (
               "$(inherited)"
            );
            OTHER_SWIFT_FLAGS = (
               "$(inherited)"
            );
            PRODUCT_BUNDLE_IDENTIFIER = "OpenCombineFoundation";
            PRODUCT_MODULE_NAME = "$(TARGET_NAME:c99extidentifier)";
            PRODUCT_NAME = "$(TARGET_NAME:c99extidentifier)";
            SKIP_INSTALL = "YES";
            SWIFT_ACTIVE_COMPILATION_CONDITIONS = (
               "$(inherited)"
            );
            SWIFT_VERSION = "5.0";
            TARGET_NAME = "OpenCombineFoundation";
            TVOS_DEPLOYMENT_TARGET = "9.0";
            WATCHOS_DEPLOYMENT_TARGET = "2.0";
         };
         name = "Debug";
      };
      "OBJ_364" = {
         isa = "XCBuildConfiguration";
         buildSettings = {
            ENABLE_TESTABILITY = "YES";
            FRAMEWORK_SEARCH_PATHS = (
               "$(inherited)",
               "$(PLATFORM_DIR)/Developer/Library/Frameworks"
            );
            HEADER_SEARCH_PATHS = (
               "$(inherited)",
               "$(SRCROOT)/Sources/COpenCombineHelpers/include"
            );
            INFOPLIST_FILE = "OpenCombine.xcodeproj/OpenCombineFoundation_Info.plist";
            IPHONEOS_DEPLOYMENT_TARGET = "8.0";
            LD_RUNPATH_SEARCH_PATHS = (
               "$(inherited)",
               "$(TOOLCHAIN_DIR)/usr/lib/swift/macosx"
            );
            MACOSX_DEPLOYMENT_TARGET = "10.10";
            OTHER_CFLAGS = (
               "$(inherited)"
            );
            OTHER_LDFLAGS = (
               "$(inherited)"
            );
            OTHER_SWIFT_FLAGS = (
               "$(inherited)"
            );
            PRODUCT_BUNDLE_IDENTIFIER = "OpenCombineFoundation";
            PRODUCT_MODULE_NAME = "$(TARGET_NAME:c99extidentifier)";
            PRODUCT_NAME = "$(TARGET_NAME:c99extidentifier)";
            SKIP_INSTALL = "YES";
            SWIFT_ACTIVE_COMPILATION_CONDITIONS = (
               "$(inherited)"
            );
            SWIFT_VERSION = "5.0";
            TARGET_NAME = "OpenCombineFoundation";
            TVOS_DEPLOYMENT_TARGET = "9.0";
            WATCHOS_DEPLOYMENT_TARGET = "2.0";
         };
         name = "Release";
      };
      "OBJ_365" = {
         isa = "PBXSourcesBuildPhase";
         files = (
            "OBJ_366",
            "OBJ_367",
            "OBJ_368",
            "OBJ_369",
            "OBJ_370",
            "OBJ_371",
            "OBJ_372",
            "OBJ_373",
            "OBJ_374"
         );
      };
      "OBJ_366" = {
         isa = "PBXBuildFile";
         fileRef = "OBJ_110";
      };
      "OBJ_367" = {
         isa = "PBXBuildFile";
         fileRef = "OBJ_111";
      };
      "OBJ_368" = {
         isa = "PBXBuildFile";
         fileRef = "OBJ_112";
      };
      "OBJ_369" = {
         isa = "PBXBuildFile";
         fileRef = "OBJ_113";
      };
      "OBJ_37" = {
         isa = "PBXFileReference";
         path = "Publisher.swift";
         sourceTree = "<group>";
      };
      "OBJ_370" = {
         isa = "PBXBuildFile";
         fileRef = "OBJ_114";
      };
      "OBJ_371" = {
         isa = "PBXBuildFile";
         fileRef = "OBJ_115";
      };
      "OBJ_372" = {
         isa = "PBXBuildFile";
         fileRef = "OBJ_116";
      };
      "OBJ_373" = {
         isa = "PBXBuildFile";
         fileRef = "OBJ_117";
      };
      "OBJ_374" = {
         isa = "PBXBuildFile";
         fileRef = "OBJ_118";
      };
      "OBJ_375" = {
         isa = "PBXFrameworksBuildPhase";
         files = (
            "OBJ_376",
            "OBJ_377"
         );
      };
      "OBJ_376" = {
         isa = "PBXBuildFile";
         fileRef = "OpenCombine::OpenCombine::Product";
      };
      "OBJ_377" = {
         isa = "PBXBuildFile";
         fileRef = "OpenCombine::COpenCombineHelpers::Product";
      };
      "OBJ_378" = {
         isa = "PBXTargetDependency";
         target = "OpenCombine::OpenCombine";
      };
      "OBJ_379" = {
         isa = "PBXTargetDependency";
         target = "OpenCombine::COpenCombineHelpers";
      };
      "OBJ_38" = {
         isa = "PBXGroup";
         children = (
            "OBJ_39",
            "OBJ_40",
            "OBJ_41",
            "OBJ_42",
            "OBJ_43",
            "OBJ_44",
            "OBJ_45",
            "OBJ_46",
            "OBJ_47",
            "OBJ_48",
            "OBJ_49",
            "OBJ_50",
            "OBJ_51",
            "OBJ_52",
            "OBJ_53",
            "OBJ_54",
            "OBJ_55",
            "OBJ_56",
            "OBJ_57",
            "OBJ_58",
            "OBJ_59",
            "OBJ_60",
            "OBJ_61",
            "OBJ_62",
            "OBJ_63",
            "OBJ_64",
            "OBJ_65",
            "OBJ_66",
            "OBJ_67",
            "OBJ_68",
            "OBJ_69",
            "OBJ_70",
            "OBJ_71",
            "OBJ_72",
            "OBJ_73",
            "OBJ_74",
            "OBJ_75",
            "OBJ_76",
            "OBJ_77",
            "OBJ_78",
            "OBJ_79",
            "OBJ_80",
            "OBJ_81",
            "OBJ_82",
            "OBJ_83",
            "OBJ_84",
            "OBJ_85",
            "OBJ_86",
            "OBJ_87",
            "OBJ_88",
            "OBJ_89",
            "OBJ_90",
            "OBJ_91",
            "OBJ_92",
            "OBJ_93"
         );
         name = "Publishers";
         path = "Publishers";
         sourceTree = "<group>";
      };
      "OBJ_381" = {
         isa = "XCConfigurationList";
         buildConfigurations = (
            "OBJ_382",
            "OBJ_383"
         );
         defaultConfigurationIsVisible = "0";
         defaultConfigurationName = "Release";
      };
      "OBJ_382" = {
         isa = "XCBuildConfiguration";
         buildSettings = {
            LD = "/usr/bin/true";
            OTHER_SWIFT_FLAGS = (
               "-swift-version",
               "5",
               "-I",
               "$(TOOLCHAIN_DIR)/usr/lib/swift/pm/4_2",
               "-target",
               "x86_64-apple-macosx10.10",
               "-sdk",
               "/Applications/Xcode.app/Contents/Developer/Platforms/MacOSX.platform/Developer/SDKs/MacOSX10.15.sdk",
               "-package-description-version",
               "5.0.0"
            );
            SWIFT_VERSION = "5.0";
         };
         name = "Debug";
      };
      "OBJ_383" = {
         isa = "XCBuildConfiguration";
         buildSettings = {
            LD = "/usr/bin/true";
            OTHER_SWIFT_FLAGS = (
               "-swift-version",
               "5",
               "-I",
               "$(TOOLCHAIN_DIR)/usr/lib/swift/pm/4_2",
               "-target",
               "x86_64-apple-macosx10.10",
               "-sdk",
               "/Applications/Xcode.app/Contents/Developer/Platforms/MacOSX.platform/Developer/SDKs/MacOSX10.15.sdk",
               "-package-description-version",
               "5.0.0"
            );
            SWIFT_VERSION = "5.0";
         };
         name = "Release";
      };
      "OBJ_384" = {
         isa = "PBXSourcesBuildPhase";
         files = (
            "OBJ_385"
         );
      };
      "OBJ_385" = {
         isa = "PBXBuildFile";
         fileRef = "OBJ_6";
      };
      "OBJ_387" = {
         isa = "XCConfigurationList";
         buildConfigurations = (
            "OBJ_388",
            "OBJ_389"
         );
         defaultConfigurationIsVisible = "0";
         defaultConfigurationName = "Release";
      };
      "OBJ_388" = {
         isa = "XCBuildConfiguration";
         buildSettings = {
         };
         name = "Debug";
      };
      "OBJ_389" = {
         isa = "XCBuildConfiguration";
         buildSettings = {
         };
         name = "Release";
      };
      "OBJ_39" = {
         isa = "PBXFileReference";
         path = "Deferred.swift";
         sourceTree = "<group>";
      };
      "OBJ_390" = {
         isa = "PBXTargetDependency";
         target = "OpenCombine::OpenCombineTests";
      };
      "OBJ_392" = {
         isa = "XCConfigurationList";
         buildConfigurations = (
            "OBJ_393",
            "OBJ_394"
         );
         defaultConfigurationIsVisible = "0";
         defaultConfigurationName = "Release";
      };
      "OBJ_393" = {
         isa = "XCBuildConfiguration";
         buildSettings = {
            CLANG_ENABLE_MODULES = "YES";
            EMBEDDED_CONTENT_CONTAINS_SWIFT = "YES";
            FRAMEWORK_SEARCH_PATHS = (
               "$(inherited)",
               "$(PLATFORM_DIR)/Developer/Library/Frameworks"
            );
            HEADER_SEARCH_PATHS = (
               "$(inherited)",
               "$(SRCROOT)/Sources/COpenCombineHelpers/include"
            );
            INFOPLIST_FILE = "OpenCombine.xcodeproj/OpenCombineTests_Info.plist";
            IPHONEOS_DEPLOYMENT_TARGET = "8.0";
            LD_RUNPATH_SEARCH_PATHS = (
               "$(inherited)",
               "@loader_path/../Frameworks",
               "@loader_path/Frameworks"
            );
            MACOSX_DEPLOYMENT_TARGET = "10.10";
            OTHER_CFLAGS = (
               "$(inherited)"
            );
            OTHER_LDFLAGS = (
               "$(inherited)"
            );
            OTHER_SWIFT_FLAGS = (
               "$(inherited)",
               "-enable-testing"
            );
            SWIFT_ACTIVE_COMPILATION_CONDITIONS = (
               "$(inherited)"
            );
            SWIFT_VERSION = "5.0";
            TARGET_NAME = "OpenCombineTests";
            TVOS_DEPLOYMENT_TARGET = "9.0";
            WATCHOS_DEPLOYMENT_TARGET = "2.0";
         };
         name = "Debug";
      };
      "OBJ_394" = {
         isa = "XCBuildConfiguration";
         buildSettings = {
            CLANG_ENABLE_MODULES = "YES";
            EMBEDDED_CONTENT_CONTAINS_SWIFT = "YES";
            FRAMEWORK_SEARCH_PATHS = (
               "$(inherited)",
               "$(PLATFORM_DIR)/Developer/Library/Frameworks"
            );
            HEADER_SEARCH_PATHS = (
               "$(inherited)",
               "$(SRCROOT)/Sources/COpenCombineHelpers/include"
            );
            INFOPLIST_FILE = "OpenCombine.xcodeproj/OpenCombineTests_Info.plist";
            IPHONEOS_DEPLOYMENT_TARGET = "8.0";
            LD_RUNPATH_SEARCH_PATHS = (
               "$(inherited)",
               "@loader_path/../Frameworks",
               "@loader_path/Frameworks"
            );
            MACOSX_DEPLOYMENT_TARGET = "10.10";
            OTHER_CFLAGS = (
               "$(inherited)"
            );
            OTHER_LDFLAGS = (
               "$(inherited)"
            );
            OTHER_SWIFT_FLAGS = (
               "$(inherited)",
               "-enable-testing"
            );
            SWIFT_ACTIVE_COMPILATION_CONDITIONS = (
               "$(inherited)"
            );
            SWIFT_VERSION = "5.0";
            TARGET_NAME = "OpenCombineTests";
            TVOS_DEPLOYMENT_TARGET = "9.0";
            WATCHOS_DEPLOYMENT_TARGET = "2.0";
         };
         name = "Release";
      };
      "OBJ_395" = {
         isa = "PBXSourcesBuildPhase";
         files = (
            "OBJ_396",
            "OBJ_397",
            "OBJ_398",
            "OBJ_399",
            "OBJ_400",
            "OBJ_401",
            "OBJ_402",
            "OBJ_403",
            "OBJ_404",
            "OBJ_405",
            "OBJ_406",
            "OBJ_407",
            "OBJ_408",
            "OBJ_409",
            "OBJ_410",
            "OBJ_411",
            "OBJ_412",
            "OBJ_413",
            "OBJ_414",
            "OBJ_415",
            "OBJ_416",
            "OBJ_417",
            "OBJ_418",
            "OBJ_419",
            "OBJ_420",
            "OBJ_421",
            "OBJ_422",
            "OBJ_423",
            "OBJ_424",
            "OBJ_425",
            "OBJ_426",
            "OBJ_427",
            "OBJ_428",
            "OBJ_429",
            "OBJ_430",
            "OBJ_431",
            "OBJ_432",
            "OBJ_433",
            "OBJ_434",
            "OBJ_435",
            "OBJ_436",
            "OBJ_437",
            "OBJ_438",
            "OBJ_439",
            "OBJ_440",
            "OBJ_441",
            "OBJ_442",
            "OBJ_443",
            "OBJ_444",
            "OBJ_445",
            "OBJ_446",
            "OBJ_447",
            "OBJ_448",
            "OBJ_449",
            "OBJ_450",
            "OBJ_451",
            "OBJ_452",
            "OBJ_453",
            "OBJ_454",
            "OBJ_455",
            "OBJ_456",
            "OBJ_457",
            "OBJ_458",
            "OBJ_459",
            "OBJ_460",
            "OBJ_461",
            "OBJ_462",
            "OBJ_463",
            "OBJ_464",
            "OBJ_465",
            "OBJ_466",
            "OBJ_467",
            "OBJ_468",
            "OBJ_469",
            "OBJ_470",
            "OBJ_471",
            "OBJ_472",
            "OBJ_473",
            "OBJ_474",
            "OBJ_475",
            "OBJ_476",
            "OBJ_477",
            "OBJ_478",
            "OBJ_479",
            "OBJ_480",
            "OBJ_481",
            "OBJ_482",
            "OBJ_483",
            "OBJ_484",
            "OBJ_485",
            "OBJ_486",
            "OBJ_487",
            "OBJ_488",
            "OBJ_489",
            "OBJ_490",
            "OBJ_491",
            "OBJ_492",
            "OBJ_493",
            "OBJ_494"
         );
      };
      "OBJ_396" = {
         isa = "PBXBuildFile";
         fileRef = "OBJ_121";
      };
      "OBJ_397" = {
         isa = "PBXBuildFile";
         fileRef = "OBJ_122";
      };
      "OBJ_398" = {
         isa = "PBXBuildFile";
         fileRef = "OBJ_123";
      };
      "OBJ_399" = {
         isa = "PBXBuildFile";
         fileRef = "OBJ_124";
      };
      "OBJ_4" = {
         isa = "XCBuildConfiguration";
         buildSettings = {
            CLANG_ENABLE_OBJC_ARC = "YES";
            COMBINE_HIDPI_IMAGES = "YES";
            COPY_PHASE_STRIP = "YES";
            DEBUG_INFORMATION_FORMAT = "dwarf-with-dsym";
            DYLIB_INSTALL_NAME_BASE = "@rpath";
            GCC_OPTIMIZATION_LEVEL = "s";
            GCC_PREPROCESSOR_DEFINITIONS = (
               "$(inherited)",
               "SWIFT_PACKAGE=1"
            );
            MACOSX_DEPLOYMENT_TARGET = "10.10";
            OTHER_CFLAGS = (
               "-Wunguarded-availability"
            );
            OTHER_SWIFT_FLAGS = (
               "$(inherited)",
               "-DXcode"
            );
            PRODUCT_NAME = "$(TARGET_NAME)";
            SDKROOT = "macosx";
            SUPPORTED_PLATFORMS = (
               "macosx",
               "iphoneos",
               "iphonesimulator",
               "appletvos",
               "appletvsimulator",
               "watchos",
               "watchsimulator"
            );
            SWIFT_ACTIVE_COMPILATION_CONDITIONS = (
               "$(inherited)",
               "SWIFT_PACKAGE"
            );
            SWIFT_OPTIMIZATION_LEVEL = "-Owholemodule";
            USE_HEADERMAP = "NO";
         };
         name = "Release";
      };
      "OBJ_40" = {
         isa = "PBXFileReference";
         path = "Empty.swift";
         sourceTree = "<group>";
      };
      "OBJ_400" = {
         isa = "PBXBuildFile";
         fileRef = "OBJ_125";
      };
      "OBJ_401" = {
         isa = "PBXBuildFile";
         fileRef = "OBJ_127";
      };
      "OBJ_402" = {
         isa = "PBXBuildFile";
         fileRef = "OBJ_129";
      };
      "OBJ_403" = {
         isa = "PBXBuildFile";
         fileRef = "OBJ_130";
      };
      "OBJ_404" = {
         isa = "PBXBuildFile";
         fileRef = "OBJ_131";
      };
      "OBJ_405" = {
         isa = "PBXBuildFile";
         fileRef = "OBJ_132";
      };
      "OBJ_406" = {
         isa = "PBXBuildFile";
         fileRef = "OBJ_133";
      };
      "OBJ_407" = {
         isa = "PBXBuildFile";
         fileRef = "OBJ_134";
      };
      "OBJ_408" = {
         isa = "PBXBuildFile";
         fileRef = "OBJ_135";
      };
      "OBJ_409" = {
         isa = "PBXBuildFile";
         fileRef = "OBJ_136";
      };
      "OBJ_41" = {
         isa = "PBXFileReference";
         path = "Fail.swift";
         sourceTree = "<group>";
      };
      "OBJ_410" = {
         isa = "PBXBuildFile";
         fileRef = "OBJ_137";
      };
      "OBJ_411" = {
         isa = "PBXBuildFile";
         fileRef = "OBJ_139";
      };
      "OBJ_412" = {
         isa = "PBXBuildFile";
         fileRef = "OBJ_140";
      };
      "OBJ_413" = {
         isa = "PBXBuildFile";
         fileRef = "OBJ_141";
      };
      "OBJ_414" = {
         isa = "PBXBuildFile";
         fileRef = "OBJ_142";
      };
      "OBJ_415" = {
         isa = "PBXBuildFile";
         fileRef = "OBJ_143";
      };
      "OBJ_416" = {
         isa = "PBXBuildFile";
         fileRef = "OBJ_144";
      };
      "OBJ_417" = {
         isa = "PBXBuildFile";
         fileRef = "OBJ_145";
      };
      "OBJ_418" = {
         isa = "PBXBuildFile";
         fileRef = "OBJ_146";
      };
      "OBJ_419" = {
         isa = "PBXBuildFile";
         fileRef = "OBJ_147";
      };
      "OBJ_42" = {
         isa = "PBXFileReference";
         path = "GENERATED-Publishers.Catch.swift";
         sourceTree = "<group>";
      };
      "OBJ_420" = {
         isa = "PBXBuildFile";
         fileRef = "OBJ_148";
      };
      "OBJ_421" = {
         isa = "PBXBuildFile";
         fileRef = "OBJ_149";
      };
      "OBJ_422" = {
         isa = "PBXBuildFile";
         fileRef = "OBJ_150";
      };
      "OBJ_423" = {
         isa = "PBXBuildFile";
         fileRef = "OBJ_151";
      };
      "OBJ_424" = {
         isa = "PBXBuildFile";
         fileRef = "OBJ_152";
      };
      "OBJ_425" = {
         isa = "PBXBuildFile";
         fileRef = "OBJ_153";
      };
      "OBJ_426" = {
         isa = "PBXBuildFile";
         fileRef = "OBJ_154";
      };
      "OBJ_427" = {
         isa = "PBXBuildFile";
         fileRef = "OBJ_155";
      };
      "OBJ_428" = {
         isa = "PBXBuildFile";
         fileRef = "OBJ_156";
      };
      "OBJ_429" = {
         isa = "PBXBuildFile";
         fileRef = "OBJ_157";
      };
      "OBJ_43" = {
         isa = "PBXFileReference";
         path = "GENERATED-Publishers.Encode.swift";
         sourceTree = "<group>";
      };
      "OBJ_430" = {
         isa = "PBXBuildFile";
         fileRef = "OBJ_158";
      };
      "OBJ_431" = {
         isa = "PBXBuildFile";
         fileRef = "OBJ_159";
      };
      "OBJ_432" = {
         isa = "PBXBuildFile";
         fileRef = "OBJ_160";
      };
      "OBJ_433" = {
         isa = "PBXBuildFile";
         fileRef = "OBJ_161";
      };
      "OBJ_434" = {
         isa = "PBXBuildFile";
         fileRef = "OBJ_163";
      };
      "OBJ_435" = {
         isa = "PBXBuildFile";
         fileRef = "OBJ_164";
      };
      "OBJ_436" = {
         isa = "PBXBuildFile";
         fileRef = "OBJ_165";
      };
      "OBJ_437" = {
         isa = "PBXBuildFile";
         fileRef = "OBJ_166";
      };
      "OBJ_438" = {
         isa = "PBXBuildFile";
         fileRef = "OBJ_167";
      };
      "OBJ_439" = {
         isa = "PBXBuildFile";
         fileRef = "OBJ_168";
      };
      "OBJ_44" = {
         isa = "PBXFileReference";
         path = "GENERATED-Publishers.MapKeyPath.swift";
         sourceTree = "<group>";
      };
      "OBJ_440" = {
         isa = "PBXBuildFile";
         fileRef = "OBJ_169";
      };
      "OBJ_441" = {
         isa = "PBXBuildFile";
         fileRef = "OBJ_170";
      };
      "OBJ_442" = {
         isa = "PBXBuildFile";
         fileRef = "OBJ_171";
      };
      "OBJ_443" = {
         isa = "PBXBuildFile";
         fileRef = "OBJ_172";
      };
      "OBJ_444" = {
         isa = "PBXBuildFile";
         fileRef = "OBJ_173";
      };
      "OBJ_445" = {
         isa = "PBXBuildFile";
         fileRef = "OBJ_174";
      };
      "OBJ_446" = {
         isa = "PBXBuildFile";
         fileRef = "OBJ_175";
      };
      "OBJ_447" = {
         isa = "PBXBuildFile";
         fileRef = "OBJ_176";
      };
      "OBJ_448" = {
         isa = "PBXBuildFile";
         fileRef = "OBJ_177";
      };
      "OBJ_449" = {
         isa = "PBXBuildFile";
         fileRef = "OBJ_178";
      };
      "OBJ_45" = {
         isa = "PBXFileReference";
         path = "Just.swift";
         sourceTree = "<group>";
      };
      "OBJ_450" = {
         isa = "PBXBuildFile";
         fileRef = "OBJ_179";
      };
      "OBJ_451" = {
         isa = "PBXBuildFile";
         fileRef = "OBJ_180";
      };
      "OBJ_452" = {
         isa = "PBXBuildFile";
         fileRef = "OBJ_181";
      };
      "OBJ_453" = {
         isa = "PBXBuildFile";
         fileRef = "OBJ_182";
      };
      "OBJ_454" = {
         isa = "PBXBuildFile";
         fileRef = "OBJ_183";
      };
      "OBJ_455" = {
         isa = "PBXBuildFile";
         fileRef = "OBJ_184";
      };
      "OBJ_456" = {
         isa = "PBXBuildFile";
         fileRef = "OBJ_185";
      };
      "OBJ_457" = {
         isa = "PBXBuildFile";
         fileRef = "OBJ_186";
      };
      "OBJ_458" = {
         isa = "PBXBuildFile";
         fileRef = "OBJ_187";
      };
      "OBJ_459" = {
         isa = "PBXBuildFile";
         fileRef = "OBJ_188";
      };
      "OBJ_46" = {
         isa = "PBXFileReference";
         path = "Optional.Publisher.swift";
         sourceTree = "<group>";
      };
      "OBJ_460" = {
         isa = "PBXBuildFile";
         fileRef = "OBJ_189";
      };
      "OBJ_461" = {
         isa = "PBXBuildFile";
         fileRef = "OBJ_190";
      };
      "OBJ_462" = {
         isa = "PBXBuildFile";
         fileRef = "OBJ_191";
      };
      "OBJ_463" = {
         isa = "PBXBuildFile";
         fileRef = "OBJ_192";
      };
      "OBJ_464" = {
         isa = "PBXBuildFile";
         fileRef = "OBJ_193";
      };
      "OBJ_465" = {
         isa = "PBXBuildFile";
         fileRef = "OBJ_194";
      };
      "OBJ_466" = {
         isa = "PBXBuildFile";
         fileRef = "OBJ_195";
      };
      "OBJ_467" = {
         isa = "PBXBuildFile";
         fileRef = "OBJ_196";
      };
      "OBJ_468" = {
         isa = "PBXBuildFile";
         fileRef = "OBJ_197";
      };
      "OBJ_469" = {
         isa = "PBXBuildFile";
         fileRef = "OBJ_198";
      };
      "OBJ_47" = {
         isa = "PBXFileReference";
         path = "Publishers.AllSatisfy.swift";
         sourceTree = "<group>";
      };
      "OBJ_470" = {
         isa = "PBXBuildFile";
         fileRef = "OBJ_199";
      };
      "OBJ_471" = {
         isa = "PBXBuildFile";
         fileRef = "OBJ_200";
      };
      "OBJ_472" = {
         isa = "PBXBuildFile";
         fileRef = "OBJ_201";
      };
      "OBJ_473" = {
         isa = "PBXBuildFile";
         fileRef = "OBJ_202";
      };
      "OBJ_474" = {
         isa = "PBXBuildFile";
         fileRef = "OBJ_203";
      };
      "OBJ_475" = {
         isa = "PBXBuildFile";
         fileRef = "OBJ_204";
      };
      "OBJ_476" = {
         isa = "PBXBuildFile";
         fileRef = "OBJ_205";
      };
      "OBJ_477" = {
         isa = "PBXBuildFile";
         fileRef = "OBJ_206";
      };
      "OBJ_478" = {
         isa = "PBXBuildFile";
         fileRef = "OBJ_207";
      };
      "OBJ_479" = {
         isa = "PBXBuildFile";
         fileRef = "OBJ_208";
      };
      "OBJ_48" = {
         isa = "PBXFileReference";
         path = "Publishers.AssertNoFailure.swift";
         sourceTree = "<group>";
      };
      "OBJ_480" = {
         isa = "PBXBuildFile";
         fileRef = "OBJ_209";
      };
      "OBJ_481" = {
         isa = "PBXBuildFile";
         fileRef = "OBJ_210";
      };
      "OBJ_482" = {
         isa = "PBXBuildFile";
         fileRef = "OBJ_211";
      };
      "OBJ_483" = {
         isa = "PBXBuildFile";
         fileRef = "OBJ_212";
      };
      "OBJ_484" = {
         isa = "PBXBuildFile";
         fileRef = "OBJ_213";
      };
      "OBJ_485" = {
         isa = "PBXBuildFile";
         fileRef = "OBJ_214";
      };
      "OBJ_486" = {
         isa = "PBXBuildFile";
         fileRef = "OBJ_215";
      };
      "OBJ_487" = {
         isa = "PBXBuildFile";
         fileRef = "OBJ_216";
      };
      "OBJ_488" = {
         isa = "PBXBuildFile";
         fileRef = "OBJ_217";
      };
      "OBJ_489" = {
         isa = "PBXBuildFile";
         fileRef = "OBJ_219";
      };
      "OBJ_49" = {
         isa = "PBXFileReference";
         path = "Publishers.Autoconnect.swift";
         sourceTree = "<group>";
      };
      "OBJ_490" = {
         isa = "PBXBuildFile";
         fileRef = "OBJ_220";
      };
      "OBJ_491" = {
         isa = "PBXBuildFile";
         fileRef = "OBJ_221";
      };
      "OBJ_492" = {
         isa = "PBXBuildFile";
         fileRef = "OBJ_222";
      };
      "OBJ_493" = {
         isa = "PBXBuildFile";
         fileRef = "OBJ_224";
      };
      "OBJ_494" = {
         isa = "PBXBuildFile";
         fileRef = "OBJ_225";
      };
      "OBJ_495" = {
         isa = "PBXFrameworksBuildPhase";
         files = (
            "OBJ_496",
            "OBJ_497",
            "OBJ_498",
            "OBJ_499"
         );
      };
      "OBJ_496" = {
         isa = "PBXBuildFile";
         fileRef = "OpenCombine::OpenCombineFoundation::Product";
      };
      "OBJ_497" = {
         isa = "PBXBuildFile";
         fileRef = "OpenCombine::OpenCombineDispatch::Product";
      };
      "OBJ_498" = {
         isa = "PBXBuildFile";
         fileRef = "OpenCombine::OpenCombine::Product";
      };
      "OBJ_499" = {
         isa = "PBXBuildFile";
         fileRef = "OpenCombine::COpenCombineHelpers::Product";
      };
      "OBJ_5" = {
         isa = "PBXGroup";
         children = (
            "OBJ_6",
            "OBJ_7",
            "OBJ_119",
            "OBJ_226",
            "OBJ_232",
            "OBJ_233",
            "OBJ_234",
            "OBJ_235",
            "OBJ_236",
            "OBJ_237",
            "OBJ_238",
            "OBJ_239",
            "OBJ_240",
            "OBJ_241",
            "OBJ_242"
         );
         path = "";
         sourceTree = "<group>";
      };
      "OBJ_50" = {
         isa = "PBXFileReference";
         path = "Publishers.Breakpoint.swift";
         sourceTree = "<group>";
      };
      "OBJ_500" = {
         isa = "PBXTargetDependency";
         target = "OpenCombine::OpenCombineFoundation";
      };
      "OBJ_501" = {
         isa = "PBXTargetDependency";
         target = "OpenCombine::OpenCombineDispatch";
      };
      "OBJ_502" = {
         isa = "PBXTargetDependency";
         target = "OpenCombine::OpenCombine";
      };
      "OBJ_503" = {
         isa = "PBXTargetDependency";
         target = "OpenCombine::COpenCombineHelpers";
      };
      "OBJ_51" = {
         isa = "PBXFileReference";
         path = "Publishers.Buffer.swift";
         sourceTree = "<group>";
      };
      "OBJ_52" = {
         isa = "PBXFileReference";
         path = "Publishers.Collect.swift";
         sourceTree = "<group>";
      };
      "OBJ_53" = {
         isa = "PBXFileReference";
         path = "Publishers.CollectByCount.swift";
         sourceTree = "<group>";
      };
      "OBJ_54" = {
         isa = "PBXFileReference";
         path = "Publishers.CompactMap.swift";
         sourceTree = "<group>";
      };
      "OBJ_55" = {
         isa = "PBXFileReference";
         path = "Publishers.Comparison.swift";
         sourceTree = "<group>";
      };
      "OBJ_56" = {
         isa = "PBXFileReference";
         path = "Publishers.Concatenate.swift";
         sourceTree = "<group>";
      };
      "OBJ_57" = {
         isa = "PBXFileReference";
         path = "Publishers.Contains.swift";
         sourceTree = "<group>";
      };
      "OBJ_58" = {
         isa = "PBXFileReference";
         path = "Publishers.Count.swift";
         sourceTree = "<group>";
      };
      "OBJ_59" = {
         isa = "PBXFileReference";
         path = "Publishers.Debounce.swift";
         sourceTree = "<group>";
      };
      "OBJ_6" = {
         isa = "PBXFileReference";
         explicitFileType = "sourcecode.swift";
         path = "Package.swift";
         sourceTree = "<group>";
      };
      "OBJ_60" = {
         isa = "PBXFileReference";
         path = "Publishers.Delay.swift";
         sourceTree = "<group>";
      };
      "OBJ_61" = {
         isa = "PBXFileReference";
         path = "Publishers.Drop.swift";
         sourceTree = "<group>";
      };
      "OBJ_62" = {
         isa = "PBXFileReference";
         path = "Publishers.DropUntilOutput.swift";
         sourceTree = "<group>";
      };
      "OBJ_63" = {
         isa = "PBXFileReference";
         path = "Publishers.DropWhile.swift";
         sourceTree = "<group>";
      };
      "OBJ_64" = {
         isa = "PBXFileReference";
         path = "Publishers.Filter.swift";
         sourceTree = "<group>";
      };
      "OBJ_65" = {
         isa = "PBXFileReference";
         path = "Publishers.First.swift";
         sourceTree = "<group>";
      };
      "OBJ_66" = {
         isa = "PBXFileReference";
         path = "Publishers.FlatMap.swift";
         sourceTree = "<group>";
      };
      "OBJ_67" = {
         isa = "PBXFileReference";
         path = "Publishers.HandleEvents.swift";
         sourceTree = "<group>";
      };
      "OBJ_68" = {
         isa = "PBXFileReference";
         path = "Publishers.IgnoreOutput.swift";
         sourceTree = "<group>";
      };
      "OBJ_69" = {
         isa = "PBXFileReference";
         path = "Publishers.Last.swift";
         sourceTree = "<group>";
      };
      "OBJ_7" = {
         isa = "PBXGroup";
         children = (
            "OBJ_8",
            "OBJ_12",
            "OBJ_106",
            "OBJ_108"
         );
         name = "Sources";
         path = "";
         sourceTree = "SOURCE_ROOT";
      };
      "OBJ_70" = {
         isa = "PBXFileReference";
         path = "Publishers.MakeConnectable.swift";
         sourceTree = "<group>";
      };
      "OBJ_71" = {
         isa = "PBXFileReference";
         path = "Publishers.Map.swift";
         sourceTree = "<group>";
      };
      "OBJ_72" = {
         isa = "PBXFileReference";
         path = "Publishers.MapError.swift";
         sourceTree = "<group>";
      };
      "OBJ_73" = {
         isa = "PBXFileReference";
         path = "Publishers.MeasureInterval.swift";
         sourceTree = "<group>";
      };
      "OBJ_74" = {
         isa = "PBXFileReference";
         path = "Publishers.Multicast.swift";
         sourceTree = "<group>";
      };
      "OBJ_75" = {
         isa = "PBXFileReference";
         path = "Publishers.Output.swift";
         sourceTree = "<group>";
      };
      "OBJ_76" = {
         isa = "PBXFileReference";
         path = "Publishers.PrefixWhile.swift";
         sourceTree = "<group>";
      };
      "OBJ_77" = {
         isa = "PBXFileReference";
         path = "Publishers.Print.swift";
         sourceTree = "<group>";
      };
      "OBJ_78" = {
         isa = "PBXFileReference";
         path = "Publishers.ReceiveOn.swift";
         sourceTree = "<group>";
      };
      "OBJ_79" = {
         isa = "PBXFileReference";
         path = "Publishers.Reduce.swift";
         sourceTree = "<group>";
      };
      "OBJ_8" = {
         isa = "PBXGroup";
         children = (
            "OBJ_9",
            "OBJ_10"
         );
         name = "COpenCombineHelpers";
         path = "Sources/COpenCombineHelpers";
         sourceTree = "SOURCE_ROOT";
      };
      "OBJ_80" = {
         isa = "PBXFileReference";
         path = "Publishers.RemoveDuplicates.swift";
         sourceTree = "<group>";
      };
      "OBJ_81" = {
         isa = "PBXFileReference";
         path = "Publishers.ReplaceEmpty.swift";
         sourceTree = "<group>";
      };
      "OBJ_82" = {
         isa = "PBXFileReference";
         path = "Publishers.ReplaceError.swift";
         sourceTree = "<group>";
      };
      "OBJ_83" = {
         isa = "PBXFileReference";
         path = "Publishers.ReplaceNil.swift";
         sourceTree = "<group>";
      };
      "OBJ_84" = {
         isa = "PBXFileReference";
         path = "Publishers.Scan.swift";
         sourceTree = "<group>";
      };
      "OBJ_85" = {
         isa = "PBXFileReference";
         path = "Publishers.Sequence.swift";
         sourceTree = "<group>";
      };
      "OBJ_86" = {
         isa = "PBXFileReference";
         path = "Publishers.SetFailureType.swift";
         sourceTree = "<group>";
      };
      "OBJ_87" = {
         isa = "PBXFileReference";
         path = "Publishers.Share.swift";
         sourceTree = "<group>";
      };
      "OBJ_88" = {
         isa = "PBXFileReference";
         path = "Publishers.SubscribeOn.swift";
         sourceTree = "<group>";
      };
      "OBJ_89" = {
         isa = "PBXFileReference";
         path = "Publishers.SwitchToLatest.swift";
         sourceTree = "<group>";
      };
      "OBJ_9" = {
         isa = "PBXFileReference";
         path = "COpenCombineHelpers.cpp";
         sourceTree = "<group>";
      };
      "OBJ_90" = {
         isa = "PBXFileReference";
         path = "Publishers.Timeout.swift";
         sourceTree = "<group>";
      };
      "OBJ_91" = {
         isa = "PBXFileReference";
         path = "Publishers.swift";
         sourceTree = "<group>";
      };
      "OBJ_92" = {
         isa = "PBXFileReference";
         path = "Record.swift";
         sourceTree = "<group>";
      };
      "OBJ_93" = {
         isa = "PBXFileReference";
         path = "Result.Publisher.swift";
         sourceTree = "<group>";
      };
      "OBJ_94" = {
         isa = "PBXFileReference";
         path = "Result.swift";
         sourceTree = "<group>";
      };
      "OBJ_95" = {
         isa = "PBXFileReference";
         path = "Scheduler.swift";
         sourceTree = "<group>";
      };
      "OBJ_96" = {
         isa = "PBXFileReference";
         path = "Subject.swift";
         sourceTree = "<group>";
      };
      "OBJ_97" = {
         isa = "PBXFileReference";
         path = "Subscriber.swift";
         sourceTree = "<group>";
      };
      "OBJ_98" = {
         isa = "PBXGroup";
         children = (
            "OBJ_99",
            "OBJ_100",
            "OBJ_101",
            "OBJ_102",
            "OBJ_103"
         );
         name = "Subscribers";
         path = "Subscribers";
         sourceTree = "<group>";
      };
      "OBJ_99" = {
         isa = "PBXFileReference";
         path = "Subscribers.Assign.swift";
         sourceTree = "<group>";
      };
      "OpenCombine::COpenCombineHelpers" = {
         isa = "PBXNativeTarget";
         buildConfigurationList = "OBJ_244";
         buildPhases = (
            "OBJ_247",
            "OBJ_249",
            "OBJ_251"
         );
         dependencies = (
         );
         name = "COpenCombineHelpers";
         productName = "COpenCombineHelpers";
         productReference = "OpenCombine::COpenCombineHelpers::Product";
         productType = "com.apple.product-type.framework";
      };
      "OpenCombine::COpenCombineHelpers::Product" = {
         isa = "PBXFileReference";
         path = "COpenCombineHelpers.framework";
         sourceTree = "BUILT_PRODUCTS_DIR";
      };
      "OpenCombine::OpenCombine" = {
         isa = "PBXNativeTarget";
         buildConfigurationList = "OBJ_253";
         buildPhases = (
            "OBJ_256",
            "OBJ_347"
         );
         dependencies = (
            "OBJ_349"
         );
         name = "OpenCombine";
         productName = "OpenCombine";
         productReference = "OpenCombine::OpenCombine::Product";
         productType = "com.apple.product-type.framework";
      };
      "OpenCombine::OpenCombine::Product" = {
         isa = "PBXFileReference";
         path = "OpenCombine.framework";
         sourceTree = "BUILT_PRODUCTS_DIR";
      };
      "OpenCombine::OpenCombineDispatch" = {
         isa = "PBXNativeTarget";
         buildConfigurationList = "OBJ_351";
         buildPhases = (
            "OBJ_354",
            "OBJ_356"
         );
         dependencies = (
            "OBJ_359",
            "OBJ_360"
         );
         name = "OpenCombineDispatch";
         productName = "OpenCombineDispatch";
         productReference = "OpenCombine::OpenCombineDispatch::Product";
         productType = "com.apple.product-type.framework";
      };
      "OpenCombine::OpenCombineDispatch::Product" = {
         isa = "PBXFileReference";
         path = "OpenCombineDispatch.framework";
         sourceTree = "BUILT_PRODUCTS_DIR";
      };
      "OpenCombine::OpenCombineFoundation" = {
         isa = "PBXNativeTarget";
         buildConfigurationList = "OBJ_362";
         buildPhases = (
            "OBJ_365",
            "OBJ_375"
         );
         dependencies = (
            "OBJ_378",
            "OBJ_379"
         );
         name = "OpenCombineFoundation";
         productName = "OpenCombineFoundation";
         productReference = "OpenCombine::OpenCombineFoundation::Product";
         productType = "com.apple.product-type.framework";
      };
      "OpenCombine::OpenCombineFoundation::Product" = {
         isa = "PBXFileReference";
         path = "OpenCombineFoundation.framework";
         sourceTree = "BUILT_PRODUCTS_DIR";
      };
      "OpenCombine::OpenCombinePackageTests::ProductTarget" = {
         isa = "PBXAggregateTarget";
         buildConfigurationList = "OBJ_387";
         buildPhases = (
         );
         dependencies = (
            "OBJ_390"
         );
         name = "OpenCombinePackageTests";
         productName = "OpenCombinePackageTests";
      };
      "OpenCombine::OpenCombineTests" = {
         isa = "PBXNativeTarget";
         buildConfigurationList = "OBJ_392";
         buildPhases = (
            "OBJ_395",
            "OBJ_495"
         );
         dependencies = (
            "OBJ_500",
            "OBJ_501",
            "OBJ_502",
            "OBJ_503"
         );
         name = "OpenCombineTests";
         productName = "OpenCombineTests";
         productReference = "OpenCombine::OpenCombineTests::Product";
         productType = "com.apple.product-type.bundle.unit-test";
      };
      "OpenCombine::OpenCombineTests::Product" = {
         isa = "PBXFileReference";
         path = "OpenCombineTests.xctest";
         sourceTree = "BUILT_PRODUCTS_DIR";
      };
      "OpenCombine::SwiftPMPackageDescription" = {
         isa = "PBXNativeTarget";
         buildConfigurationList = "OBJ_381";
         buildPhases = (
            "OBJ_384"
         );
         dependencies = (
         );
         name = "OpenCombinePackageDescription";
         productName = "OpenCombinePackageDescription";
         productType = "com.apple.product-type.framework";
      };
   };
   rootObject = "OBJ_1";
}
